
Microsoft Visual Studio Solution File, Format Version 12.00
# Visual Studio 14
VisualStudioVersion = 14.0.23107.0
MinimumVisualStudioVersion = 10.0.40219.1
Project("{FAE04EC0-301F-11D3-BF4B-00C04F79EFBC}") = "OfficeAppPPTTaskPaneTimer", "OfficeAppPPTTaskPaneTimer\OfficeAppPPTTaskPaneTimer.csproj", "{FDAD34A1-A9C6-4FE6-9BF9-14B751FC06B1}"
EndProject
Project("{FAE04EC0-301F-11D3-BF4B-00C04F79EFBC}") = "OfficeAppPPTTaskPaneTimerWeb", "OfficeAppPPTTaskPaneTimerWeb\OfficeAppPPTTaskPaneTimerWeb.csproj", "{3823F740-D623-4CFD-94C8-CA51FA6AA204}"
EndProject
Global
	GlobalSection(SolutionConfigurationPlatforms) = preSolution
		Debug|Any CPU = Debug|Any CPU
		Release|Any CPU = Release|Any CPU
	EndGlobalSection
	GlobalSection(ProjectConfigurationPlatforms) = postSolution
		{FDAD34A1-A9C6-4FE6-9BF9-14B751FC06B1}.Debug|Any CPU.ActiveCfg = Debug|Any CPU
		{FDAD34A1-A9C6-4FE6-9BF9-14B751FC06B1}.Debug|Any CPU.Build.0 = Debug|Any CPU
		{FDAD34A1-A9C6-4FE6-9BF9-14B751FC06B1}.Debug|Any CPU.Deploy.0 = Debug|Any CPU
		{FDAD34A1-A9C6-4FE6-9BF9-14B751FC06B1}.Release|Any CPU.ActiveCfg = Release|Any CPU
		{FDAD34A1-A9C6-4FE6-9BF9-14B751FC06B1}.Release|Any CPU.Build.0 = Release|Any CPU
		{FDAD34A1-A9C6-4FE6-9BF9-14B751FC06B1}.Release|Any CPU.Deploy.0 = Release|Any CPU
		{3823F740-D623-4CFD-94C8-CA51FA6AA204}.Debug|Any CPU.ActiveCfg = Debug|Any CPU
		{3823F740-D623-4CFD-94C8-CA51FA6AA204}.Debug|Any CPU.Build.0 = Debug|Any CPU
		{3823F740-D623-4CFD-94C8-CA51FA6AA204}.Release|Any CPU.ActiveCfg = Release|Any CPU
		{3823F740-D623-4CFD-94C8-CA51FA6AA204}.Release|Any CPU.Build.0 = Release|Any CPU
	EndGlobalSection
	GlobalSection(SolutionProperties) = preSolution
		HideSolutionNode = FALSE
	EndGlobalSection
EndGlobal
